
Microsoft Visual Studio Solution File, Format Version 12.00
# Visual Studio Version 16
VisualStudioVersion = 16.0.31911.196
MinimumVisualStudioVersion = 10.0.40219.1
Project("{9A19103F-16F7-4668-BE54-9A1E7A4F7556}") = "SortedListEmCsharp", "SortedListEmCsharp\SortedListEmCsharp.csproj", "{4FC4AF3A-583B-459F-A487-D43B2975CC67}"
EndProject
Project("{9A19103F-16F7-4668-BE54-9A1E7A4F7556}") = "SortedDictionary", "SortedDictionary\SortedDictionary.csproj", "{10667BF7-BF32-4485-97D7-3525613300C9}"
EndProject
Project("{FAE04EC0-301F-11D3-BF4B-00C04F79EFBC}") = "SortedSet", "SortedSet\SortedSet.csproj", "{A1D1C6A4-82A5-4A24-8DFA-2CB5B4E8A263}"
EndProject
Global
	GlobalSection(SolutionConfigurationPlatforms) = preSolution
		Debug|Any CPU = Debug|Any CPU
		Release|Any CPU = Release|Any CPU
	EndGlobalSection
	GlobalSection(ProjectConfigurationPlatforms) = postSolution
		{4FC4AF3A-583B-459F-A487-D43B2975CC67}.Debug|Any CPU.ActiveCfg = Debug|Any CPU
		{4FC4AF3A-583B-459F-A487-D43B2975CC67}.Debug|Any CPU.Build.0 = Debug|Any CPU
		{4FC4AF3A-583B-459F-A487-D43B2975CC67}.Release|Any CPU.ActiveCfg = Release|Any CPU
		{4FC4AF3A-583B-459F-A487-D43B2975CC67}.Release|Any CPU.Build.0 = Release|Any CPU
		{10667BF7-BF32-4485-97D7-3525613300C9}.Debug|Any CPU.ActiveCfg = Debug|Any CPU
		{10667BF7-BF32-4485-97D7-3525613300C9}.Debug|Any CPU.Build.0 = Debug|Any CPU
		{10667BF7-BF32-4485-97D7-3525613300C9}.Release|Any CPU.ActiveCfg = Release|Any CPU
		{10667BF7-BF32-4485-97D7-3525613300C9}.Release|Any CPU.Build.0 = Release|Any CPU
		{A1D1C6A4-82A5-4A24-8DFA-2CB5B4E8A263}.Debug|Any CPU.ActiveCfg = Debug|Any CPU
		{A1D1C6A4-82A5-4A24-8DFA-2CB5B4E8A263}.Debug|Any CPU.Build.0 = Debug|Any CPU
		{A1D1C6A4-82A5-4A24-8DFA-2CB5B4E8A263}.Release|Any CPU.ActiveCfg = Release|Any CPU
		{A1D1C6A4-82A5-4A24-8DFA-2CB5B4E8A263}.Release|Any CPU.Build.0 = Release|Any CPU
	EndGlobalSection
	GlobalSection(SolutionProperties) = preSolution
		HideSolutionNode = FALSE
	EndGlobalSection
	GlobalSection(ExtensibilityGlobals) = postSolution
		SolutionGuid = {C6372FE6-FE28-4C80-AD80-65CABA193EA0}
	EndGlobalSection
EndGlobal
